
Microsoft Visual Studio Solution File, Format Version 12.00
# Visual Studio 16
Project("{FAE04EC0-301F-11D3-BF4B-00C04F79EFBC}") = "Assembly-CSharp", "Assembly-CSharp.csproj", "{9135F5BB-F307-499E-07F6-5E7D97D90435}"
EndProject
Project("{FAE04EC0-301F-11D3-BF4B-00C04F79EFBC}") = "Assembly-CSharp-firstpass", "Assembly-CSharp-firstpass.csproj", "{C3A50CA1-5963-67B0-6C95-01A0E9C2291F}"
EndProject
Project("{FAE04EC0-301F-11D3-BF4B-00C04F79EFBC}") = "Assembly-CSharp-Editor-firstpass", "Assembly-CSharp-Editor-firstpass.csproj", "{EAF44FD1-295C-7C31-8457-FCEA7B17EA8A}"
EndProject
Global
	GlobalSection(SolutionConfigurationPlatforms) = preSolution
		Debug|Any CPU = Debug|Any CPU
		Release|Any CPU = Release|Any CPU
	EndGlobalSection
	GlobalSection(ProjectConfigurationPlatforms) = postSolution
		{9135F5BB-F307-499E-07F6-5E7D97D90435}.Debug|Any CPU.ActiveCfg = Debug|Any CPU
		{9135F5BB-F307-499E-07F6-5E7D97D90435}.Debug|Any CPU.Build.0 = Debug|Any CPU
		{9135F5BB-F307-499E-07F6-5E7D97D90435}.Release|Any CPU.ActiveCfg = Release|Any CPU
		{9135F5BB-F307-499E-07F6-5E7D97D90435}.Release|Any CPU.Build.0 = Release|Any CPU
		{C3A50CA1-5963-67B0-6C95-01A0E9C2291F}.Debug|Any CPU.ActiveCfg = Debug|Any CPU
		{C3A50CA1-5963-67B0-6C95-01A0E9C2291F}.Debug|Any CPU.Build.0 = Debug|Any CPU
		{C3A50CA1-5963-67B0-6C95-01A0E9C2291F}.Release|Any CPU.ActiveCfg = Release|Any CPU
		{C3A50CA1-5963-67B0-6C95-01A0E9C2291F}.Release|Any CPU.Build.0 = Release|Any CPU
		{EAF44FD1-295C-7C31-8457-FCEA7B17EA8A}.Debug|Any CPU.ActiveCfg = Debug|Any CPU
		{EAF44FD1-295C-7C31-8457-FCEA7B17EA8A}.Debug|Any CPU.Build.0 = Debug|Any CPU
		{EAF44FD1-295C-7C31-8457-FCEA7B17EA8A}.Release|Any CPU.ActiveCfg = Release|Any CPU
		{EAF44FD1-295C-7C31-8457-FCEA7B17EA8A}.Release|Any CPU.Build.0 = Release|Any CPU
	EndGlobalSection
	GlobalSection(SolutionProperties) = preSolution
		HideSolutionNode = FALSE
	EndGlobalSection
EndGlobal
